
Microsoft Visual Studio Solution File, Format Version 12.00
# Visual Studio Version 16
VisualStudioVersion = 16.0.31624.102
MinimumVisualStudioVersion = 10.0.40219.1
Project("{FAE04EC0-301F-11D3-BF4B-00C04F79EFBC}") = "NASA_API_App", "NASA_API_App\NASA_API_App.csproj", "{64E39FF4-7CAE-451C-BDD9-BE284585282D}"
EndProject
Project("{FAE04EC0-301F-11D3-BF4B-00C04F79EFBC}") = "Models", "Models2\Models.csproj", "{91CC1DCF-240F-456A-93A6-6BBE06DBBAB8}"
EndProject
Global
	GlobalSection(SolutionConfigurationPlatforms) = preSolution
		Debug|Any CPU = Debug|Any CPU
		Release|Any CPU = Release|Any CPU
	EndGlobalSection
	GlobalSection(ProjectConfigurationPlatforms) = postSolution
		{64E39FF4-7CAE-451C-BDD9-BE284585282D}.Debug|Any CPU.ActiveCfg = Debug|Any CPU
		{64E39FF4-7CAE-451C-BDD9-BE284585282D}.Debug|Any CPU.Build.0 = Debug|Any CPU
		{64E39FF4-7CAE-451C-BDD9-BE284585282D}.Release|Any CPU.ActiveCfg = Release|Any CPU
		{64E39FF4-7CAE-451C-BDD9-BE284585282D}.Release|Any CPU.Build.0 = Release|Any CPU
		{91CC1DCF-240F-456A-93A6-6BBE06DBBAB8}.Debug|Any CPU.ActiveCfg = Debug|Any CPU
		{91CC1DCF-240F-456A-93A6-6BBE06DBBAB8}.Debug|Any CPU.Build.0 = Debug|Any CPU
		{91CC1DCF-240F-456A-93A6-6BBE06DBBAB8}.Release|Any CPU.ActiveCfg = Release|Any CPU
		{91CC1DCF-240F-456A-93A6-6BBE06DBBAB8}.Release|Any CPU.Build.0 = Release|Any CPU
	EndGlobalSection
	GlobalSection(SolutionProperties) = preSolution
		HideSolutionNode = FALSE
	EndGlobalSection
	GlobalSection(ExtensibilityGlobals) = postSolution
		SolutionGuid = {761BCC76-C97B-475E-957D-2FAAF175A0E2}
	EndGlobalSection
EndGlobal
